
Microsoft Visual Studio Solution File, Format Version 12.00
# Visual Studio 2012
Project("{FAE04EC0-301F-11D3-BF4B-00C04F79EFBC}") = "NBoleto", "NBoleto\NBoleto.csproj", "{EB558356-E8AC-4580-8A99-196C5BD84896}"
EndProject
Project("{FAE04EC0-301F-11D3-BF4B-00C04F79EFBC}") = "Test", "Test\Test.csproj", "{02409655-73E7-460C-A4B2-9D97B38FCE7A}"
EndProject
Global
	GlobalSection(SolutionConfigurationPlatforms) = preSolution
		Debug|Any CPU = Debug|Any CPU
		Release|Any CPU = Release|Any CPU
	EndGlobalSection
	GlobalSection(ProjectConfigurationPlatforms) = postSolution
		{EB558356-E8AC-4580-8A99-196C5BD84896}.Debug|Any CPU.ActiveCfg = Debug|Any CPU
		{EB558356-E8AC-4580-8A99-196C5BD84896}.Debug|Any CPU.Build.0 = Debug|Any CPU
		{EB558356-E8AC-4580-8A99-196C5BD84896}.Release|Any CPU.ActiveCfg = Release|Any CPU
		{EB558356-E8AC-4580-8A99-196C5BD84896}.Release|Any CPU.Build.0 = Release|Any CPU
		{02409655-73E7-460C-A4B2-9D97B38FCE7A}.Debug|Any CPU.ActiveCfg = Debug|Any CPU
		{02409655-73E7-460C-A4B2-9D97B38FCE7A}.Debug|Any CPU.Build.0 = Debug|Any CPU
		{02409655-73E7-460C-A4B2-9D97B38FCE7A}.Release|Any CPU.ActiveCfg = Release|Any CPU
		{02409655-73E7-460C-A4B2-9D97B38FCE7A}.Release|Any CPU.Build.0 = Release|Any CPU
	EndGlobalSection
	GlobalSection(SolutionProperties) = preSolution
		HideSolutionNode = FALSE
	EndGlobalSection
EndGlobal
